
Microsoft Visual Studio Solution File, Format Version 12.00
Project("{FAE04EC0-301F-11D3-BF4B-00C04F79EFBC}") = "AvgMeteoValues", "AvgMeteoValues\AvgMeteoValues.csproj", "{D661AAC6-EBA1-42C2-921C-BE4AE7649CD9}"
EndProject
Global
	GlobalSection(SolutionConfigurationPlatforms) = preSolution
		Debug|Any CPU = Debug|Any CPU
		Release|Any CPU = Release|Any CPU
	EndGlobalSection
	GlobalSection(ProjectConfigurationPlatforms) = postSolution
		{D661AAC6-EBA1-42C2-921C-BE4AE7649CD9}.Debug|Any CPU.ActiveCfg = Debug|Any CPU
		{D661AAC6-EBA1-42C2-921C-BE4AE7649CD9}.Debug|Any CPU.Build.0 = Debug|Any CPU
		{D661AAC6-EBA1-42C2-921C-BE4AE7649CD9}.Release|Any CPU.ActiveCfg = Release|Any CPU
		{D661AAC6-EBA1-42C2-921C-BE4AE7649CD9}.Release|Any CPU.Build.0 = Release|Any CPU
	EndGlobalSection
EndGlobal
